
Microsoft Visual Studio Solution File, Format Version 12.00
# Visual Studio 15
VisualStudioVersion = 15.0.27428.2002
MinimumVisualStudioVersion = 10.0.40219.1
Project("{FAE04EC0-301F-11D3-BF4B-00C04F79EFBC}") = "BugBox.Android", "BugBox\BugBox.Android\BugBox.Android.csproj", "{048D1634-6139-485F-BD92-82FE126EE71E}"
EndProject
Project("{FAE04EC0-301F-11D3-BF4B-00C04F79EFBC}") = "BugBox.iOS", "BugBox\BugBox.iOS\BugBox.iOS.csproj", "{CE634179-3064-4CDB-9308-24989CB020AA}"
EndProject
Project("{FAE04EC0-301F-11D3-BF4B-00C04F79EFBC}") = "BugBox", "BugBox\BugBox\BugBox.csproj", "{FEC849F8-B834-4198-89DA-4EAA11D139E8}"
EndProject
Global
	GlobalSection(SolutionConfigurationPlatforms) = preSolution
		Ad-Hoc|Any CPU = Ad-Hoc|Any CPU
		Ad-Hoc|iPhone = Ad-Hoc|iPhone
		Ad-Hoc|iPhoneSimulator = Ad-Hoc|iPhoneSimulator
		AppStore|Any CPU = AppStore|Any CPU
		AppStore|iPhone = AppStore|iPhone
		AppStore|iPhoneSimulator = AppStore|iPhoneSimulator
		Debug|Any CPU = Debug|Any CPU
		Debug|iPhone = Debug|iPhone
		Debug|iPhoneSimulator = Debug|iPhoneSimulator
		Release|Any CPU = Release|Any CPU
		Release|iPhone = Release|iPhone
		Release|iPhoneSimulator = Release|iPhoneSimulator
	EndGlobalSection
	GlobalSection(ProjectConfigurationPlatforms) = postSolution
		{048D1634-6139-485F-BD92-82FE126EE71E}.Ad-Hoc|Any CPU.ActiveCfg = Release|Any CPU
		{048D1634-6139-485F-BD92-82FE126EE71E}.Ad-Hoc|Any CPU.Build.0 = Release|Any CPU
		{048D1634-6139-485F-BD92-82FE126EE71E}.Ad-Hoc|Any CPU.Deploy.0 = Release|Any CPU
		{048D1634-6139-485F-BD92-82FE126EE71E}.Ad-Hoc|iPhone.ActiveCfg = Release|Any CPU
		{048D1634-6139-485F-BD92-82FE126EE71E}.Ad-Hoc|iPhone.Build.0 = Release|Any CPU
		{048D1634-6139-485F-BD92-82FE126EE71E}.Ad-Hoc|iPhone.Deploy.0 = Release|Any CPU
		{048D1634-6139-485F-BD92-82FE126EE71E}.Ad-Hoc|iPhoneSimulator.ActiveCfg = Release|Any CPU
		{048D1634-6139-485F-BD92-82FE126EE71E}.Ad-Hoc|iPhoneSimulator.Build.0 = Release|Any CPU
		{048D1634-6139-485F-BD92-82FE126EE71E}.Ad-Hoc|iPhoneSimulator.Deploy.0 = Release|Any CPU
		{048D1634-6139-485F-BD92-82FE126EE71E}.AppStore|Any CPU.ActiveCfg = Release|Any CPU
		{048D1634-6139-485F-BD92-82FE126EE71E}.AppStore|Any CPU.Build.0 = Release|Any CPU
		{048D1634-6139-485F-BD92-82FE126EE71E}.AppStore|Any CPU.Deploy.0 = Release|Any CPU
		{048D1634-6139-485F-BD92-82FE126EE71E}.AppStore|iPhone.ActiveCfg = Release|Any CPU
		{048D1634-6139-485F-BD92-82FE126EE71E}.AppStore|iPhone.Build.0 = Release|Any CPU
		{048D1634-6139-485F-BD92-82FE126EE71E}.AppStore|iPhone.Deploy.0 = Release|Any CPU
		{048D1634-6139-485F-BD92-82FE126EE71E}.AppStore|iPhoneSimulator.ActiveCfg = Release|Any CPU
		{048D1634-6139-485F-BD92-82FE126EE71E}.AppStore|iPhoneSimulator.Build.0 = Release|Any CPU
		{048D1634-6139-485F-BD92-82FE126EE71E}.AppStore|iPhoneSimulator.Deploy.0 = Release|Any CPU
		{048D1634-6139-485F-BD92-82FE126EE71E}.Debug|Any CPU.ActiveCfg = Debug|Any CPU
		{048D1634-6139-485F-BD92-82FE126EE71E}.Debug|Any CPU.Build.0 = Debug|Any CPU
		{048D1634-6139-485F-BD92-82FE126EE71E}.Debug|Any CPU.Deploy.0 = Debug|Any CPU
		{048D1634-6139-485F-BD92-82FE126EE71E}.Debug|iPhone.ActiveCfg = Debug|Any CPU
		{048D1634-6139-485F-BD92-82FE126EE71E}.Debug|iPhone.Build.0 = Debug|Any CPU
		{048D1634-6139-485F-BD92-82FE126EE71E}.Debug|iPhone.Deploy.0 = Debug|Any CPU
		{048D1634-6139-485F-BD92-82FE126EE71E}.Debug|iPhoneSimulator.ActiveCfg = Debug|Any CPU
		{048D1634-6139-485F-BD92-82FE126EE71E}.Debug|iPhoneSimulator.Build.0 = Debug|Any CPU
		{048D1634-6139-485F-BD92-82FE126EE71E}.Debug|iPhoneSimulator.Deploy.0 = Debug|Any CPU
		{048D1634-6139-485F-BD92-82FE126EE71E}.Release|Any CPU.ActiveCfg = Release|Any CPU
		{048D1634-6139-485F-BD92-82FE126EE71E}.Release|Any CPU.Build.0 = Release|Any CPU
		{048D1634-6139-485F-BD92-82FE126EE71E}.Release|Any CPU.Deploy.0 = Release|Any CPU
		{048D1634-6139-485F-BD92-82FE126EE71E}.Release|iPhone.ActiveCfg = Release|Any CPU
		{048D1634-6139-485F-BD92-82FE126EE71E}.Release|iPhone.Build.0 = Release|Any CPU
		{048D1634-6139-485F-BD92-82FE126EE71E}.Release|iPhone.Deploy.0 = Release|Any CPU
		{048D1634-6139-485F-BD92-82FE126EE71E}.Release|iPhoneSimulator.ActiveCfg = Release|Any CPU
		{048D1634-6139-485F-BD92-82FE126EE71E}.Release|iPhoneSimulator.Build.0 = Release|Any CPU
		{048D1634-6139-485F-BD92-82FE126EE71E}.Release|iPhoneSimulator.Deploy.0 = Release|Any CPU
		{CE634179-3064-4CDB-9308-24989CB020AA}.Ad-Hoc|Any CPU.ActiveCfg = Ad-Hoc|iPhone
		{CE634179-3064-4CDB-9308-24989CB020AA}.Ad-Hoc|iPhone.ActiveCfg = Ad-Hoc|iPhone
		{CE634179-3064-4CDB-9308-24989CB020AA}.Ad-Hoc|iPhone.Build.0 = Ad-Hoc|iPhone
		{CE634179-3064-4CDB-9308-24989CB020AA}.Ad-Hoc|iPhoneSimulator.ActiveCfg = Ad-Hoc|iPhoneSimulator
		{CE634179-3064-4CDB-9308-24989CB020AA}.Ad-Hoc|iPhoneSimulator.Build.0 = Ad-Hoc|iPhoneSimulator
		{CE634179-3064-4CDB-9308-24989CB020AA}.AppStore|Any CPU.ActiveCfg = AppStore|iPhone
		{CE634179-3064-4CDB-9308-24989CB020AA}.AppStore|iPhone.ActiveCfg = AppStore|iPhone
		{CE634179-3064-4CDB-9308-24989CB020AA}.AppStore|iPhone.Build.0 = AppStore|iPhone
		{CE634179-3064-4CDB-9308-24989CB020AA}.AppStore|iPhoneSimulator.ActiveCfg = AppStore|iPhoneSimulator
		{CE634179-3064-4CDB-9308-24989CB020AA}.AppStore|iPhoneSimulator.Build.0 = AppStore|iPhoneSimulator
		{CE634179-3064-4CDB-9308-24989CB020AA}.Debug|Any CPU.ActiveCfg = Debug|iPhone
		{CE634179-3064-4CDB-9308-24989CB020AA}.Debug|iPhone.ActiveCfg = Debug|iPhone
		{CE634179-3064-4CDB-9308-24989CB020AA}.Debug|iPhone.Build.0 = Debug|iPhone
		{CE634179-3064-4CDB-9308-24989CB020AA}.Debug|iPhoneSimulator.ActiveCfg = Debug|iPhoneSimulator
		{CE634179-3064-4CDB-9308-24989CB020AA}.Debug|iPhoneSimulator.Build.0 = Debug|iPhoneSimulator
		{CE634179-3064-4CDB-9308-24989CB020AA}.Release|Any CPU.ActiveCfg = Release|iPhone
		{CE634179-3064-4CDB-9308-24989CB020AA}.Release|iPhone.ActiveCfg = Release|iPhone
		{CE634179-3064-4CDB-9308-24989CB020AA}.Release|iPhone.Build.0 = Release|iPhone
		{CE634179-3064-4CDB-9308-24989CB020AA}.Release|iPhoneSimulator.ActiveCfg = Release|iPhoneSimulator
		{CE634179-3064-4CDB-9308-24989CB020AA}.Release|iPhoneSimulator.Build.0 = Release|iPhoneSimulator
		{FEC849F8-B834-4198-89DA-4EAA11D139E8}.Ad-Hoc|Any CPU.ActiveCfg = Debug|Any CPU
		{FEC849F8-B834-4198-89DA-4EAA11D139E8}.Ad-Hoc|Any CPU.Build.0 = Debug|Any CPU
		{FEC849F8-B834-4198-89DA-4EAA11D139E8}.Ad-Hoc|iPhone.ActiveCfg = Debug|Any CPU
		{FEC849F8-B834-4198-89DA-4EAA11D139E8}.Ad-Hoc|iPhone.Build.0 = Debug|Any CPU
		{FEC849F8-B834-4198-89DA-4EAA11D139E8}.Ad-Hoc|iPhoneSimulator.ActiveCfg = Debug|Any CPU
		{FEC849F8-B834-4198-89DA-4EAA11D139E8}.Ad-Hoc|iPhoneSimulator.Build.0 = Debug|Any CPU
		{FEC849F8-B834-4198-89DA-4EAA11D139E8}.AppStore|Any CPU.ActiveCfg = Debug|Any CPU
		{FEC849F8-B834-4198-89DA-4EAA11D139E8}.AppStore|Any CPU.Build.0 = Debug|Any CPU
		{FEC849F8-B834-4198-89DA-4EAA11D139E8}.AppStore|iPhone.ActiveCfg = Debug|Any CPU
		{FEC849F8-B834-4198-89DA-4EAA11D139E8}.AppStore|iPhone.Build.0 = Debug|Any CPU
		{FEC849F8-B834-4198-89DA-4EAA11D139E8}.AppStore|iPhoneSimulator.ActiveCfg = Debug|Any CPU
		{FEC849F8-B834-4198-89DA-4EAA11D139E8}.AppStore|iPhoneSimulator.Build.0 = Debug|Any CPU
		{FEC849F8-B834-4198-89DA-4EAA11D139E8}.Debug|Any CPU.ActiveCfg = Debug|Any CPU
		{FEC849F8-B834-4198-89DA-4EAA11D139E8}.Debug|Any CPU.Build.0 = Debug|Any CPU
		{FEC849F8-B834-4198-89DA-4EAA11D139E8}.Debug|iPhone.ActiveCfg = Debug|Any CPU
		{FEC849F8-B834-4198-89DA-4EAA11D139E8}.Debug|iPhone.Build.0 = Debug|Any CPU
		{FEC849F8-B834-4198-89DA-4EAA11D139E8}.Debug|iPhoneSimulator.ActiveCfg = Debug|Any CPU
		{FEC849F8-B834-4198-89DA-4EAA11D139E8}.Debug|iPhoneSimulator.Build.0 = Debug|Any CPU
		{FEC849F8-B834-4198-89DA-4EAA11D139E8}.Release|Any CPU.ActiveCfg = Release|Any CPU
		{FEC849F8-B834-4198-89DA-4EAA11D139E8}.Release|Any CPU.Build.0 = Release|Any CPU
		{FEC849F8-B834-4198-89DA-4EAA11D139E8}.Release|iPhone.ActiveCfg = Release|Any CPU
		{FEC849F8-B834-4198-89DA-4EAA11D139E8}.Release|iPhone.Build.0 = Release|Any CPU
		{FEC849F8-B834-4198-89DA-4EAA11D139E8}.Release|iPhoneSimulator.ActiveCfg = Release|Any CPU
		{FEC849F8-B834-4198-89DA-4EAA11D139E8}.Release|iPhoneSimulator.Build.0 = Release|Any CPU
	EndGlobalSection
	GlobalSection(SolutionProperties) = preSolution
		HideSolutionNode = FALSE
	EndGlobalSection
	GlobalSection(ExtensibilityGlobals) = postSolution
		SolutionGuid = {A8453C3B-2BAD-4613-9B4E-D8DBC334B4E7}
	EndGlobalSection
EndGlobal
